
Microsoft Visual Studio Solution File, Format Version 12.00
# Visual Studio Version 16
VisualStudioVersion = 16.0.30523.141
MinimumVisualStudioVersion = 10.0.40219.1
Project("{FAE04EC0-301F-11D3-BF4B-00C04F79EFBC}") = "OnlineShop_ReST_API", "OnlineShop_ReST_API\OnlineShop_ReST_API.csproj", "{DD2DCFEF-5915-433C-9B47-E3353BCDA9E1}"
EndProject
Global
	GlobalSection(SolutionConfigurationPlatforms) = preSolution
		Debug|Any CPU = Debug|Any CPU
		Release|Any CPU = Release|Any CPU
	EndGlobalSection
	GlobalSection(ProjectConfigurationPlatforms) = postSolution
		{DD2DCFEF-5915-433C-9B47-E3353BCDA9E1}.Debug|Any CPU.ActiveCfg = Debug|Any CPU
		{DD2DCFEF-5915-433C-9B47-E3353BCDA9E1}.Debug|Any CPU.Build.0 = Debug|Any CPU
		{DD2DCFEF-5915-433C-9B47-E3353BCDA9E1}.Release|Any CPU.ActiveCfg = Release|Any CPU
		{DD2DCFEF-5915-433C-9B47-E3353BCDA9E1}.Release|Any CPU.Build.0 = Release|Any CPU
	EndGlobalSection
	GlobalSection(SolutionProperties) = preSolution
		HideSolutionNode = FALSE
	EndGlobalSection
	GlobalSection(ExtensibilityGlobals) = postSolution
		SolutionGuid = {573A10A4-68DF-4B09-9A01-9BCD9EFC8967}
	EndGlobalSection
EndGlobal
